// !$*UTF8*$!
{
	archiveVersion = 1;
	classes = {
	};
	objectVersion = 56;
	objects = {

/* Begin PBXBuildFile section */
		294094792B4D87FB00F01372 /* CoreDataManager.swift in Sources */ = {isa = PBXBuildFile; fileRef = 294094782B4D87FB00F01372 /* CoreDataManager.swift */; };
		2940947B2B4FFA0400F01372 /* TabBarController.swift in Sources */ = {isa = PBXBuildFile; fileRef = 2940947A2B4FFA0400F01372 /* TabBarController.swift */; };
		2940947D2B5000D100F01372 /* FavoriteListController.swift in Sources */ = {isa = PBXBuildFile; fileRef = 2940947C2B5000D100F01372 /* FavoriteListController.swift */; };
		294094832B513D0700F01372 /* FavoriteDescriptionController.swift in Sources */ = {isa = PBXBuildFile; fileRef = 294094822B513D0700F01372 /* FavoriteDescriptionController.swift */; };
		294094852B51492500F01372 /* DescriptionFavoriteViewCell.swift in Sources */ = {isa = PBXBuildFile; fileRef = 294094842B51492500F01372 /* DescriptionFavoriteViewCell.swift */; };
		2989C4B52B5A9D7200136597 /* FakeJSON.swift in Sources */ = {isa = PBXBuildFile; fileRef = 2989C4B42B5A9D7200136597 /* FakeJSON.swift */; };
		2989C4B72B5E74D200136597 /* IngredientStoreTests.swift in Sources */ = {isa = PBXBuildFile; fileRef = 2989C4B62B5E74D200136597 /* IngredientStoreTests.swift */; };
		2989C4B92B5E769F00136597 /* CaloriesAndTimeTests.swift in Sources */ = {isa = PBXBuildFile; fileRef = 2989C4B82B5E769F00136597 /* CaloriesAndTimeTests.swift */; };
		298CC0DF2B21BA0000F28F96 /* AppDelegate.swift in Sources */ = {isa = PBXBuildFile; fileRef = 298CC0DE2B21BA0000F28F96 /* AppDelegate.swift */; };
		298CC0E12B21BA0000F28F96 /* SceneDelegate.swift in Sources */ = {isa = PBXBuildFile; fileRef = 298CC0E02B21BA0000F28F96 /* SceneDelegate.swift */; };
		298CC0E32B21BA0000F28F96 /* SearchController.swift in Sources */ = {isa = PBXBuildFile; fileRef = 298CC0E22B21BA0000F28F96 /* SearchController.swift */; };
		298CC0E62B21BA0000F28F96 /* Main.storyboard in Resources */ = {isa = PBXBuildFile; fileRef = 298CC0E42B21BA0000F28F96 /* Main.storyboard */; };
		298CC0E92B21BA0000F28F96 /* Reciplease.xcdatamodeld in Sources */ = {isa = PBXBuildFile; fileRef = 298CC0E72B21BA0000F28F96 /* Reciplease.xcdatamodeld */; };
		298CC0EB2B21BA0100F28F96 /* Assets.xcassets in Resources */ = {isa = PBXBuildFile; fileRef = 298CC0EA2B21BA0100F28F96 /* Assets.xcassets */; };
		298CC0EE2B21BA0100F28F96 /* LaunchScreen.storyboard in Resources */ = {isa = PBXBuildFile; fileRef = 298CC0EC2B21BA0100F28F96 /* LaunchScreen.storyboard */; };
		298CC0FB2B21D67F00F28F96 /* APIHandler.swift in Sources */ = {isa = PBXBuildFile; fileRef = 298CC0FA2B21D67F00F28F96 /* APIHandler.swift */; };
		29A0788C2B231FC1005CFF54 /* IngredientStore.swift in Sources */ = {isa = PBXBuildFile; fileRef = 29A0788B2B231FC1005CFF54 /* IngredientStore.swift */; };
		29A078902B271CCA005CFF54 /* IngredientViewCell.swift in Sources */ = {isa = PBXBuildFile; fileRef = 29A0788F2B271CCA005CFF54 /* IngredientViewCell.swift */; };
		29A078922B289A0A005CFF54 /* URLEndpoint.swift in Sources */ = {isa = PBXBuildFile; fileRef = 29A078912B289A0A005CFF54 /* URLEndpoint.swift */; };
		29A078942B2A07C2005CFF54 /* APIRequestModel.swift in Sources */ = {isa = PBXBuildFile; fileRef = 29A078932B2A07C2005CFF54 /* APIRequestModel.swift */; };
		29A078962B32F085005CFF54 /* APIError.swift in Sources */ = {isa = PBXBuildFile; fileRef = 29A078952B32F085005CFF54 /* APIError.swift */; };
		29A078982B334E98005CFF54 /* RecipeListController.swift in Sources */ = {isa = PBXBuildFile; fileRef = 29A078972B334E98005CFF54 /* RecipeListController.swift */; };
		29A078AE2B3D8E1C005CFF54 /* DecodingRecipeModelTests.swift in Sources */ = {isa = PBXBuildFile; fileRef = 29A078AD2B3D8E1C005CFF54 /* DecodingRecipeModelTests.swift */; };
		29A078B52B3D8E90005CFF54 /* APICallStub.swift in Sources */ = {isa = PBXBuildFile; fileRef = 29A078B42B3D8E90005CFF54 /* APICallStub.swift */; };
		29A078B72B3D95CD005CFF54 /* DecodingRecipeModel.swift in Sources */ = {isa = PBXBuildFile; fileRef = 29A078B62B3D95CD005CFF54 /* DecodingRecipeModel.swift */; };
		29A078C42B3DDEF0005CFF54 /* RecipeViewCell.swift in Sources */ = {isa = PBXBuildFile; fileRef = 29A078C22B3DDEF0005CFF54 /* RecipeViewCell.swift */; };
		29A078C52B3DDEF0005CFF54 /* RecipeViewCell.xib in Resources */ = {isa = PBXBuildFile; fileRef = 29A078C32B3DDEF0005CFF54 /* RecipeViewCell.xib */; };
		29A078C92B440D30005CFF54 /* DescriptionViewController.swift in Sources */ = {isa = PBXBuildFile; fileRef = 29A078C82B440D30005CFF54 /* DescriptionViewController.swift */; };
		29A078CD2B441B9A005CFF54 /* DescriptionViewCell.swift in Sources */ = {isa = PBXBuildFile; fileRef = 29A078CC2B441B9A005CFF54 /* DescriptionViewCell.swift */; };
		29A078D12B4842E3005CFF54 /* CaloriesAndTime.swift in Sources */ = {isa = PBXBuildFile; fileRef = 29A078D02B4842E3005CFF54 /* CaloriesAndTime.swift */; };
		3E5BAFD9E1761EC0F76AF9B1 /* Pods_Reciplease.framework in Frameworks */ = {isa = PBXBuildFile; fileRef = 14976DF1E6F898688998A7BF /* Pods_Reciplease.framework */; };
/* End PBXBuildFile section */

/* Begin PBXContainerItemProxy section */
		29A078AF2B3D8E1C005CFF54 /* PBXContainerItemProxy */ = {
			isa = PBXContainerItemProxy;
			containerPortal = 298CC0D32B21BA0000F28F96 /* Project object */;
			proxyType = 1;
			remoteGlobalIDString = 298CC0DA2B21BA0000F28F96;
			remoteInfo = Reciplease;
		};
/* End PBXContainerItemProxy section */

/* Begin PBXFileReference section */
		14976DF1E6F898688998A7BF /* Pods_Reciplease.framework */ = {isa = PBXFileReference; explicitFileType = wrapper.framework; includeInIndex = 0; path = Pods_Reciplease.framework; sourceTree = BUILT_PRODUCTS_DIR; };
		294094782B4D87FB00F01372 /* CoreDataManager.swift */ = {isa = PBXFileReference; lastKnownFileType = sourcecode.swift; path = CoreDataManager.swift; sourceTree = "<group>"; };
		2940947A2B4FFA0400F01372 /* TabBarController.swift */ = {isa = PBXFileReference; lastKnownFileType = sourcecode.swift; path = TabBarController.swift; sourceTree = "<group>"; };
		2940947C2B5000D100F01372 /* FavoriteListController.swift */ = {isa = PBXFileReference; lastKnownFileType = sourcecode.swift; path = FavoriteListController.swift; sourceTree = "<group>"; };
		294094822B513D0700F01372 /* FavoriteDescriptionController.swift */ = {isa = PBXFileReference; lastKnownFileType = sourcecode.swift; path = FavoriteDescriptionController.swift; sourceTree = "<group>"; };
		294094842B51492500F01372 /* DescriptionFavoriteViewCell.swift */ = {isa = PBXFileReference; lastKnownFileType = sourcecode.swift; path = DescriptionFavoriteViewCell.swift; sourceTree = "<group>"; };
		2989C4B42B5A9D7200136597 /* FakeJSON.swift */ = {isa = PBXFileReference; lastKnownFileType = sourcecode.swift; path = FakeJSON.swift; sourceTree = "<group>"; };
		2989C4B62B5E74D200136597 /* IngredientStoreTests.swift */ = {isa = PBXFileReference; lastKnownFileType = sourcecode.swift; path = IngredientStoreTests.swift; sourceTree = "<group>"; };
		2989C4B82B5E769F00136597 /* CaloriesAndTimeTests.swift */ = {isa = PBXFileReference; lastKnownFileType = sourcecode.swift; path = CaloriesAndTimeTests.swift; sourceTree = "<group>"; };
		298CC0DB2B21BA0000F28F96 /* Reciplease.app */ = {isa = PBXFileReference; explicitFileType = wrapper.application; includeInIndex = 0; path = Reciplease.app; sourceTree = BUILT_PRODUCTS_DIR; };
		298CC0DE2B21BA0000F28F96 /* AppDelegate.swift */ = {isa = PBXFileReference; lastKnownFileType = sourcecode.swift; path = AppDelegate.swift; sourceTree = "<group>"; };
		298CC0E02B21BA0000F28F96 /* SceneDelegate.swift */ = {isa = PBXFileReference; lastKnownFileType = sourcecode.swift; path = SceneDelegate.swift; sourceTree = "<group>"; };
		298CC0E22B21BA0000F28F96 /* SearchController.swift */ = {isa = PBXFileReference; lastKnownFileType = sourcecode.swift; path = SearchController.swift; sourceTree = "<group>"; };
		298CC0E52B21BA0000F28F96 /* Base */ = {isa = PBXFileReference; lastKnownFileType = file.storyboard; name = Base; path = Base.lproj/Main.storyboard; sourceTree = "<group>"; };
		298CC0E82B21BA0000F28F96 /* Reciplease.xcdatamodel */ = {isa = PBXFileReference; lastKnownFileType = wrapper.xcdatamodel; path = Reciplease.xcdatamodel; sourceTree = "<group>"; };
		298CC0EA2B21BA0100F28F96 /* Assets.xcassets */ = {isa = PBXFileReference; lastKnownFileType = folder.assetcatalog; path = Assets.xcassets; sourceTree = "<group>"; };
		298CC0ED2B21BA0100F28F96 /* Base */ = {isa = PBXFileReference; lastKnownFileType = file.storyboard; name = Base; path = Base.lproj/LaunchScreen.storyboard; sourceTree = "<group>"; };
		298CC0EF2B21BA0100F28F96 /* Info.plist */ = {isa = PBXFileReference; lastKnownFileType = text.plist.xml; path = Info.plist; sourceTree = "<group>"; };
		298CC0FA2B21D67F00F28F96 /* APIHandler.swift */ = {isa = PBXFileReference; lastKnownFileType = sourcecode.swift; path = APIHandler.swift; sourceTree = "<group>"; };
		29A0788B2B231FC1005CFF54 /* IngredientStore.swift */ = {isa = PBXFileReference; lastKnownFileType = sourcecode.swift; path = IngredientStore.swift; sourceTree = "<group>"; };
		29A0788F2B271CCA005CFF54 /* IngredientViewCell.swift */ = {isa = PBXFileReference; lastKnownFileType = sourcecode.swift; path = IngredientViewCell.swift; sourceTree = "<group>"; };
		29A078912B289A0A005CFF54 /* URLEndpoint.swift */ = {isa = PBXFileReference; lastKnownFileType = sourcecode.swift; path = URLEndpoint.swift; sourceTree = "<group>"; };
		29A078932B2A07C2005CFF54 /* APIRequestModel.swift */ = {isa = PBXFileReference; lastKnownFileType = sourcecode.swift; path = APIRequestModel.swift; sourceTree = "<group>"; };
		29A078952B32F085005CFF54 /* APIError.swift */ = {isa = PBXFileReference; lastKnownFileType = sourcecode.swift; path = APIError.swift; sourceTree = "<group>"; };
		29A078972B334E98005CFF54 /* RecipeListController.swift */ = {isa = PBXFileReference; lastKnownFileType = sourcecode.swift; path = RecipeListController.swift; sourceTree = "<group>"; };
		29A078AB2B3D8E1C005CFF54 /* RecipleaseTests.xctest */ = {isa = PBXFileReference; explicitFileType = wrapper.cfbundle; includeInIndex = 0; path = RecipleaseTests.xctest; sourceTree = BUILT_PRODUCTS_DIR; };
		29A078AD2B3D8E1C005CFF54 /* DecodingRecipeModelTests.swift */ = {isa = PBXFileReference; lastKnownFileType = sourcecode.swift; path = DecodingRecipeModelTests.swift; sourceTree = "<group>"; };
		29A078B42B3D8E90005CFF54 /* APICallStub.swift */ = {isa = PBXFileReference; lastKnownFileType = sourcecode.swift; path = APICallStub.swift; sourceTree = "<group>"; };
		29A078B62B3D95CD005CFF54 /* DecodingRecipeModel.swift */ = {isa = PBXFileReference; lastKnownFileType = sourcecode.swift; path = DecodingRecipeModel.swift; sourceTree = "<group>"; };
		29A078C22B3DDEF0005CFF54 /* RecipeViewCell.swift */ = {isa = PBXFileReference; lastKnownFileType = sourcecode.swift; path = RecipeViewCell.swift; sourceTree = "<group>"; };
		29A078C32B3DDEF0005CFF54 /* RecipeViewCell.xib */ = {isa = PBXFileReference; lastKnownFileType = file.xib; path = RecipeViewCell.xib; sourceTree = "<group>"; };
		29A078C82B440D30005CFF54 /* DescriptionViewController.swift */ = {isa = PBXFileReference; lastKnownFileType = sourcecode.swift; path = DescriptionViewController.swift; sourceTree = "<group>"; };
		29A078CC2B441B9A005CFF54 /* DescriptionViewCell.swift */ = {isa = PBXFileReference; lastKnownFileType = sourcecode.swift; path = DescriptionViewCell.swift; sourceTree = "<group>"; };
		29A078D02B4842E3005CFF54 /* CaloriesAndTime.swift */ = {isa = PBXFileReference; lastKnownFileType = sourcecode.swift; path = CaloriesAndTime.swift; sourceTree = "<group>"; };
		4A3FBD257062C729AE3E32C9 /* Pods-Reciplease.debug.xcconfig */ = {isa = PBXFileReference; includeInIndex = 1; lastKnownFileType = text.xcconfig; name = "Pods-Reciplease.debug.xcconfig"; path = "Target Support Files/Pods-Reciplease/Pods-Reciplease.debug.xcconfig"; sourceTree = "<group>"; };
		FB10A47EECC26D7CABC503F7 /* Pods-Reciplease.release.xcconfig */ = {isa = PBXFileReference; includeInIndex = 1; lastKnownFileType = text.xcconfig; name = "Pods-Reciplease.release.xcconfig"; path = "Target Support Files/Pods-Reciplease/Pods-Reciplease.release.xcconfig"; sourceTree = "<group>"; };
/* End PBXFileReference section */

/* Begin PBXFrameworksBuildPhase section */
		298CC0D82B21BA0000F28F96 /* Frameworks */ = {
			isa = PBXFrameworksBuildPhase;
			buildActionMask = 2147483647;
			files = (
				3E5BAFD9E1761EC0F76AF9B1 /* Pods_Reciplease.framework in Frameworks */,
			);
			runOnlyForDeploymentPostprocessing = 0;
		};
		29A078A82B3D8E1C005CFF54 /* Frameworks */ = {
			isa = PBXFrameworksBuildPhase;
			buildActionMask = 2147483647;
			files = (
			);
			runOnlyForDeploymentPostprocessing = 0;
		};
/* End PBXFrameworksBuildPhase section */

/* Begin PBXGroup section */
		218211AF78F4D16E9428E202 /* Frameworks */ = {
			isa = PBXGroup;
			children = (
				14976DF1E6F898688998A7BF /* Pods_Reciplease.framework */,
			);
			name = Frameworks;
			sourceTree = "<group>";
		};
		294094772B4D874F00F01372 /* CoreDataModel */ = {
			isa = PBXGroup;
			children = (
				294094782B4D87FB00F01372 /* CoreDataManager.swift */,
			);
			name = CoreDataModel;
			path = ../../CoreDataModel;
			sourceTree = "<group>";
		};
		298CC0D22B21BA0000F28F96 = {
			isa = PBXGroup;
			children = (
				298CC0DD2B21BA0000F28F96 /* Reciplease */,
				29A078AC2B3D8E1C005CFF54 /* RecipleaseTests */,
				298CC0DC2B21BA0000F28F96 /* Products */,
				218211AF78F4D16E9428E202 /* Frameworks */,
				706CF51502C3456D52EBCB79 /* Pods */,
			);
			sourceTree = "<group>";
		};
		298CC0DC2B21BA0000F28F96 /* Products */ = {
			isa = PBXGroup;
			children = (
				298CC0DB2B21BA0000F28F96 /* Reciplease.app */,
				29A078AB2B3D8E1C005CFF54 /* RecipleaseTests.xctest */,
			);
			name = Products;
			sourceTree = "<group>";
		};
		298CC0DD2B21BA0000F28F96 /* Reciplease */ = {
			isa = PBXGroup;
			children = (
				298CC0F92B21D32200F28F96 /* Additional Files */,
				298CC0F82B21D31000F28F96 /* Model */,
				298CC0F72B21D30900F28F96 /* Controller */,
				298CC0F62B21D30100F28F96 /* CoreData */,
				298CC0F52B21D2F500F28F96 /* View */,
				298CC0EF2B21BA0100F28F96 /* Info.plist */,
			);
			path = Reciplease;
			sourceTree = "<group>";
		};
		298CC0F52B21D2F500F28F96 /* View */ = {
			isa = PBXGroup;
			children = (
				29A0789A2B335105005CFF54 /* Custom */,
				298CC0E42B21BA0000F28F96 /* Main.storyboard */,
			);
			path = View;
			sourceTree = "<group>";
		};
		298CC0F62B21D30100F28F96 /* CoreData */ = {
			isa = PBXGroup;
			children = (
				298CC0E72B21BA0000F28F96 /* Reciplease.xcdatamodeld */,
			);
			path = CoreData;
			sourceTree = "<group>";
		};
		298CC0F72B21D30900F28F96 /* Controller */ = {
			isa = PBXGroup;
			children = (
				298CC0E22B21BA0000F28F96 /* SearchController.swift */,
				29A078972B334E98005CFF54 /* RecipeListController.swift */,
				29A078C82B440D30005CFF54 /* DescriptionViewController.swift */,
				2940947A2B4FFA0400F01372 /* TabBarController.swift */,
				2940947C2B5000D100F01372 /* FavoriteListController.swift */,
				294094822B513D0700F01372 /* FavoriteDescriptionController.swift */,
			);
			path = Controller;
			sourceTree = "<group>";
		};
		298CC0F82B21D31000F28F96 /* Model */ = {
			isa = PBXGroup;
			children = (
				294094772B4D874F00F01372 /* CoreDataModel */,
				29A078B82B3D98E8005CFF54 /* APIFiles */,
				29A0788B2B231FC1005CFF54 /* IngredientStore.swift */,
				29A078D02B4842E3005CFF54 /* CaloriesAndTime.swift */,
			);
			path = Model;
			sourceTree = "<group>";
		};
		298CC0F92B21D32200F28F96 /* Additional Files */ = {
			isa = PBXGroup;
			children = (
				298CC0EA2B21BA0100F28F96 /* Assets.xcassets */,
				298CC0EC2B21BA0100F28F96 /* LaunchScreen.storyboard */,
				298CC0DE2B21BA0000F28F96 /* AppDelegate.swift */,
				298CC0E02B21BA0000F28F96 /* SceneDelegate.swift */,
			);
			path = "Additional Files";
			sourceTree = "<group>";
		};
		29A0789A2B335105005CFF54 /* Custom */ = {
			isa = PBXGroup;
			children = (
				29A0788F2B271CCA005CFF54 /* IngredientViewCell.swift */,
				29A078C22B3DDEF0005CFF54 /* RecipeViewCell.swift */,
				29A078CC2B441B9A005CFF54 /* DescriptionViewCell.swift */,
				294094842B51492500F01372 /* DescriptionFavoriteViewCell.swift */,
				29A078C32B3DDEF0005CFF54 /* RecipeViewCell.xib */,
			);
			path = Custom;
			sourceTree = "<group>";
		};
		29A078AC2B3D8E1C005CFF54 /* RecipleaseTests */ = {
			isa = PBXGroup;
			children = (
				29A078AD2B3D8E1C005CFF54 /* DecodingRecipeModelTests.swift */,
				29A078B42B3D8E90005CFF54 /* APICallStub.swift */,
				2989C4B42B5A9D7200136597 /* FakeJSON.swift */,
				2989C4B62B5E74D200136597 /* IngredientStoreTests.swift */,
				2989C4B82B5E769F00136597 /* CaloriesAndTimeTests.swift */,
			);
			path = RecipleaseTests;
			sourceTree = "<group>";
		};
		29A078B82B3D98E8005CFF54 /* APIFiles */ = {
			isa = PBXGroup;
			children = (
				29A078B62B3D95CD005CFF54 /* DecodingRecipeModel.swift */,
				298CC0FA2B21D67F00F28F96 /* APIHandler.swift */,
				29A078932B2A07C2005CFF54 /* APIRequestModel.swift */,
				29A078912B289A0A005CFF54 /* URLEndpoint.swift */,
				29A078952B32F085005CFF54 /* APIError.swift */,
			);
			path = APIFiles;
			sourceTree = "<group>";
		};
		706CF51502C3456D52EBCB79 /* Pods */ = {
			isa = PBXGroup;
			children = (
				4A3FBD257062C729AE3E32C9 /* Pods-Reciplease.debug.xcconfig */,
				FB10A47EECC26D7CABC503F7 /* Pods-Reciplease.release.xcconfig */,
			);
			path = Pods;
			sourceTree = "<group>";
		};
/* End PBXGroup section */

/* Begin PBXNativeTarget section */
		298CC0DA2B21BA0000F28F96 /* Reciplease */ = {
			isa = PBXNativeTarget;
			buildConfigurationList = 298CC0F22B21BA0100F28F96 /* Build configuration list for PBXNativeTarget "Reciplease" */;
			buildPhases = (
				7EC935FE682A390D8BA07C6D /* [CP] Check Pods Manifest.lock */,
				298CC0D72B21BA0000F28F96 /* Sources */,
				298CC0D82B21BA0000F28F96 /* Frameworks */,
				298CC0D92B21BA0000F28F96 /* Resources */,
				B4C0CF91619FD2F93F5FCC5E /* [CP] Embed Pods Frameworks */,
			);
			buildRules = (
			);
			dependencies = (
			);
			name = Reciplease;
			productName = Reciplease;
			productReference = 298CC0DB2B21BA0000F28F96 /* Reciplease.app */;
			productType = "com.apple.product-type.application";
		};
		29A078AA2B3D8E1C005CFF54 /* RecipleaseTests */ = {
			isa = PBXNativeTarget;
			buildConfigurationList = 29A078B12B3D8E1C005CFF54 /* Build configuration list for PBXNativeTarget "RecipleaseTests" */;
			buildPhases = (
				29A078A72B3D8E1C005CFF54 /* Sources */,
				29A078A82B3D8E1C005CFF54 /* Frameworks */,
				29A078A92B3D8E1C005CFF54 /* Resources */,
			);
			buildRules = (
			);
			dependencies = (
				29A078B02B3D8E1C005CFF54 /* PBXTargetDependency */,
			);
			name = RecipleaseTests;
			productName = RecipleaseTests;
			productReference = 29A078AB2B3D8E1C005CFF54 /* RecipleaseTests.xctest */;
			productType = "com.apple.product-type.bundle.unit-test";
		};
/* End PBXNativeTarget section */

/* Begin PBXProject section */
		298CC0D32B21BA0000F28F96 /* Project object */ = {
			isa = PBXProject;
			attributes = {
				BuildIndependentTargetsInParallel = 1;
				LastSwiftUpdateCheck = 1500;
				LastUpgradeCheck = 1500;
				TargetAttributes = {
					298CC0DA2B21BA0000F28F96 = {
						CreatedOnToolsVersion = 15.0;
					};
					29A078AA2B3D8E1C005CFF54 = {
						CreatedOnToolsVersion = 15.0;
						TestTargetID = 298CC0DA2B21BA0000F28F96;
					};
				};
			};
			buildConfigurationList = 298CC0D62B21BA0000F28F96 /* Build configuration list for PBXProject "Reciplease" */;
			compatibilityVersion = "Xcode 14.0";
			developmentRegion = en;
			hasScannedForEncodings = 0;
			knownRegions = (
				en,
				Base,
			);
			mainGroup = 298CC0D22B21BA0000F28F96;
			productRefGroup = 298CC0DC2B21BA0000F28F96 /* Products */;
			projectDirPath = "";
			projectRoot = "";
			targets = (
				298CC0DA2B21BA0000F28F96 /* Reciplease */,
				29A078AA2B3D8E1C005CFF54 /* RecipleaseTests */,
			);
		};
/* End PBXProject section */

/* Begin PBXResourcesBuildPhase section */
		298CC0D92B21BA0000F28F96 /* Resources */ = {
			isa = PBXResourcesBuildPhase;
			buildActionMask = 2147483647;
			files = (
				298CC0EE2B21BA0100F28F96 /* LaunchScreen.storyboard in Resources */,
				298CC0EB2B21BA0100F28F96 /* Assets.xcassets in Resources */,
				29A078C52B3DDEF0005CFF54 /* RecipeViewCell.xib in Resources */,
				298CC0E62B21BA0000F28F96 /* Main.storyboard in Resources */,
			);
			runOnlyForDeploymentPostprocessing = 0;
		};
		29A078A92B3D8E1C005CFF54 /* Resources */ = {
			isa = PBXResourcesBuildPhase;
			buildActionMask = 2147483647;
			files = (
			);
			runOnlyForDeploymentPostprocessing = 0;
		};
/* End PBXResourcesBuildPhase section */

/* Begin PBXShellScriptBuildPhase section */
		7EC935FE682A390D8BA07C6D /* [CP] Check Pods Manifest.lock */ = {
			isa = PBXShellScriptBuildPhase;
			buildActionMask = 2147483647;
			files = (
			);
			inputFileListPaths = (
			);
			inputPaths = (
				"${PODS_PODFILE_DIR_PATH}/Podfile.lock",
				"${PODS_ROOT}/Manifest.lock",
			);
			name = "[CP] Check Pods Manifest.lock";
			outputFileListPaths = (
			);
			outputPaths = (
				"$(DERIVED_FILE_DIR)/Pods-Reciplease-checkManifestLockResult.txt",
			);
			runOnlyForDeploymentPostprocessing = 0;
			shellPath = /bin/sh;
			shellScript = "diff \"${PODS_PODFILE_DIR_PATH}/Podfile.lock\" \"${PODS_ROOT}/Manifest.lock\" > /dev/null\nif [ $? != 0 ] ; then\n    # print error to STDERR\n    echo \"error: The sandbox is not in sync with the Podfile.lock. Run 'pod install' or update your CocoaPods installation.\" >&2\n    exit 1\nfi\n# This output is used by Xcode 'outputs' to avoid re-running this script phase.\necho \"SUCCESS\" > \"${SCRIPT_OUTPUT_FILE_0}\"\n";
			showEnvVarsInLog = 0;
		};
		B4C0CF91619FD2F93F5FCC5E /* [CP] Embed Pods Frameworks */ = {
			isa = PBXShellScriptBuildPhase;
			buildActionMask = 2147483647;
			files = (
			);
			inputFileListPaths = (
				"${PODS_ROOT}/Target Support Files/Pods-Reciplease/Pods-Reciplease-frameworks-${CONFIGURATION}-input-files.xcfilelist",
			);
			name = "[CP] Embed Pods Frameworks";
			outputFileListPaths = (
				"${PODS_ROOT}/Target Support Files/Pods-Reciplease/Pods-Reciplease-frameworks-${CONFIGURATION}-output-files.xcfilelist",
			);
			runOnlyForDeploymentPostprocessing = 0;
			shellPath = /bin/sh;
			shellScript = "\"${PODS_ROOT}/Target Support Files/Pods-Reciplease/Pods-Reciplease-frameworks.sh\"\n";
			showEnvVarsInLog = 0;
		};
/* End PBXShellScriptBuildPhase section */

/* Begin PBXSourcesBuildPhase section */
		298CC0D72B21BA0000F28F96 /* Sources */ = {
			isa = PBXSourcesBuildPhase;
			buildActionMask = 2147483647;
			files = (
				298CC0E92B21BA0000F28F96 /* Reciplease.xcdatamodeld in Sources */,
				29A078B72B3D95CD005CFF54 /* DecodingRecipeModel.swift in Sources */,
				29A078902B271CCA005CFF54 /* IngredientViewCell.swift in Sources */,
				2940947B2B4FFA0400F01372 /* TabBarController.swift in Sources */,
				29A078CD2B441B9A005CFF54 /* DescriptionViewCell.swift in Sources */,
				294094792B4D87FB00F01372 /* CoreDataManager.swift in Sources */,
				29A078982B334E98005CFF54 /* RecipeListController.swift in Sources */,
				298CC0E32B21BA0000F28F96 /* SearchController.swift in Sources */,
				29A078962B32F085005CFF54 /* APIError.swift in Sources */,
				29A078C42B3DDEF0005CFF54 /* RecipeViewCell.swift in Sources */,
				294094832B513D0700F01372 /* FavoriteDescriptionController.swift in Sources */,
				29A078C92B440D30005CFF54 /* DescriptionViewController.swift in Sources */,
				29A078D12B4842E3005CFF54 /* CaloriesAndTime.swift in Sources */,
				294094852B51492500F01372 /* DescriptionFavoriteViewCell.swift in Sources */,
				29A0788C2B231FC1005CFF54 /* IngredientStore.swift in Sources */,
				29A078922B289A0A005CFF54 /* URLEndpoint.swift in Sources */,
				298CC0FB2B21D67F00F28F96 /* APIHandler.swift in Sources */,
				29A078942B2A07C2005CFF54 /* APIRequestModel.swift in Sources */,
				2940947D2B5000D100F01372 /* FavoriteListController.swift in Sources */,
				298CC0DF2B21BA0000F28F96 /* AppDelegate.swift in Sources */,
				298CC0E12B21BA0000F28F96 /* SceneDelegate.swift in Sources */,
			);
			runOnlyForDeploymentPostprocessing = 0;
		};
		29A078A72B3D8E1C005CFF54 /* Sources */ = {
			isa = PBXSourcesBuildPhase;
			buildActionMask = 2147483647;
			files = (
				29A078B52B3D8E90005CFF54 /* APICallStub.swift in Sources */,
				2989C4B52B5A9D7200136597 /* FakeJSON.swift in Sources */,
				2989C4B72B5E74D200136597 /* IngredientStoreTests.swift in Sources */,
				2989C4B92B5E769F00136597 /* CaloriesAndTimeTests.swift in Sources */,
				29A078AE2B3D8E1C005CFF54 /* DecodingRecipeModelTests.swift in Sources */,
			);
			runOnlyForDeploymentPostprocessing = 0;
		};
/* End PBXSourcesBuildPhase section */

/* Begin PBXTargetDependency section */
		29A078B02B3D8E1C005CFF54 /* PBXTargetDependency */ = {
			isa = PBXTargetDependency;
			target = 298CC0DA2B21BA0000F28F96 /* Reciplease */;
			targetProxy = 29A078AF2B3D8E1C005CFF54 /* PBXContainerItemProxy */;
		};
/* End PBXTargetDependency section */

/* Begin PBXVariantGroup section */
		298CC0E42B21BA0000F28F96 /* Main.storyboard */ = {
			isa = PBXVariantGroup;
			children = (
				298CC0E52B21BA0000F28F96 /* Base */,
			);
			name = Main.storyboard;
			sourceTree = "<group>";
		};
		298CC0EC2B21BA0100F28F96 /* LaunchScreen.storyboard */ = {
			isa = PBXVariantGroup;
			children = (
				298CC0ED2B21BA0100F28F96 /* Base */,
			);
			name = LaunchScreen.storyboard;
			sourceTree = "<group>";
		};
/* End PBXVariantGroup section */

/* Begin XCBuildConfiguration section */
		298CC0F02B21BA0100F28F96 /* Debug */ = {
			isa = XCBuildConfiguration;
			buildSettings = {
				ALWAYS_SEARCH_USER_PATHS = NO;
				ASSETCATALOG_COMPILER_GENERATE_SWIFT_ASSET_SYMBOL_EXTENSIONS = YES;
				CLANG_ANALYZER_NONNULL = YES;
				CLANG_ANALYZER_NUMBER_OBJECT_CONVERSION = YES_AGGRESSIVE;
				CLANG_CXX_LANGUAGE_STANDARD = "gnu++20";
				CLANG_ENABLE_MODULES = YES;
				CLANG_ENABLE_OBJC_ARC = YES;
				CLANG_ENABLE_OBJC_WEAK = YES;
				CLANG_WARN_BLOCK_CAPTURE_AUTORELEASING = YES;
				CLANG_WARN_BOOL_CONVERSION = YES;
				CLANG_WARN_COMMA = YES;
				CLANG_WARN_CONSTANT_CONVERSION = YES;
				CLANG_WARN_DEPRECATED_OBJC_IMPLEMENTATIONS = YES;
				CLANG_WARN_DIRECT_OBJC_ISA_USAGE = YES_ERROR;
				CLANG_WARN_DOCUMENTATION_COMMENTS = YES;
				CLANG_WARN_EMPTY_BODY = YES;
				CLANG_WARN_ENUM_CONVERSION = YES;
				CLANG_WARN_INFINITE_RECURSION = YES;
				CLANG_WARN_INT_CONVERSION = YES;
				CLANG_WARN_NON_LITERAL_NULL_CONVERSION = YES;
				CLANG_WARN_OBJC_IMPLICIT_RETAIN_SELF = YES;
				CLANG_WARN_OBJC_LITERAL_CONVERSION = YES;
				CLANG_WARN_OBJC_ROOT_CLASS = YES_ERROR;
				CLANG_WARN_QUOTED_INCLUDE_IN_FRAMEWORK_HEADER = YES;
				CLANG_WARN_RANGE_LOOP_ANALYSIS = YES;
				CLANG_WARN_STRICT_PROTOTYPES = YES;
				CLANG_WARN_SUSPICIOUS_MOVE = YES;
				CLANG_WARN_UNGUARDED_AVAILABILITY = YES_AGGRESSIVE;
				CLANG_WARN_UNREACHABLE_CODE = YES;
				CLANG_WARN__DUPLICATE_METHOD_MATCH = YES;
				COPY_PHASE_STRIP = NO;
				DEBUG_INFORMATION_FORMAT = dwarf;
				ENABLE_STRICT_OBJC_MSGSEND = YES;
				ENABLE_TESTABILITY = YES;
				ENABLE_USER_SCRIPT_SANDBOXING = NO;
				GCC_C_LANGUAGE_STANDARD = gnu17;
				GCC_DYNAMIC_NO_PIC = NO;
				GCC_NO_COMMON_BLOCKS = YES;
				GCC_OPTIMIZATION_LEVEL = 0;
				GCC_PREPROCESSOR_DEFINITIONS = (
					"DEBUG=1",
					"$(inherited)",
				);
				GCC_WARN_64_TO_32_BIT_CONVERSION = YES;
				GCC_WARN_ABOUT_RETURN_TYPE = YES_ERROR;
				GCC_WARN_UNDECLARED_SELECTOR = YES;
				GCC_WARN_UNINITIALIZED_AUTOS = YES_AGGRESSIVE;
				GCC_WARN_UNUSED_FUNCTION = YES;
				GCC_WARN_UNUSED_VARIABLE = YES;
				IPHONEOS_DEPLOYMENT_TARGET = 17.0;
				LOCALIZATION_PREFERS_STRING_CATALOGS = YES;
				MTL_ENABLE_DEBUG_INFO = INCLUDE_SOURCE;
				MTL_FAST_MATH = YES;
				ONLY_ACTIVE_ARCH = YES;
				SDKROOT = iphoneos;
				SWIFT_ACTIVE_COMPILATION_CONDITIONS = "DEBUG $(inherited)";
				SWIFT_OPTIMIZATION_LEVEL = "-Onone";
			};
			name = Debug;
		};
		298CC0F12B21BA0100F28F96 /* Release */ = {
			isa = XCBuildConfiguration;
			buildSettings = {
				ALWAYS_SEARCH_USER_PATHS = NO;
				ASSETCATALOG_COMPILER_GENERATE_SWIFT_ASSET_SYMBOL_EXTENSIONS = YES;
				CLANG_ANALYZER_NONNULL = YES;
				CLANG_ANALYZER_NUMBER_OBJECT_CONVERSION = YES_AGGRESSIVE;
				CLANG_CXX_LANGUAGE_STANDARD = "gnu++20";
				CLANG_ENABLE_MODULES = YES;
				CLANG_ENABLE_OBJC_ARC = YES;
				CLANG_ENABLE_OBJC_WEAK = YES;
				CLANG_WARN_BLOCK_CAPTURE_AUTORELEASING = YES;
				CLANG_WARN_BOOL_CONVERSION = YES;
				CLANG_WARN_COMMA = YES;
				CLANG_WARN_CONSTANT_CONVERSION = YES;
				CLANG_WARN_DEPRECATED_OBJC_IMPLEMENTATIONS = YES;
				CLANG_WARN_DIRECT_OBJC_ISA_USAGE = YES_ERROR;
				CLANG_WARN_DOCUMENTATION_COMMENTS = YES;
				CLANG_WARN_EMPTY_BODY = YES;
				CLANG_WARN_ENUM_CONVERSION = YES;
				CLANG_WARN_INFINITE_RECURSION = YES;
				CLANG_WARN_INT_CONVERSION = YES;
				CLANG_WARN_NON_LITERAL_NULL_CONVERSION = YES;
				CLANG_WARN_OBJC_IMPLICIT_RETAIN_SELF = YES;
				CLANG_WARN_OBJC_LITERAL_CONVERSION = YES;
				CLANG_WARN_OBJC_ROOT_CLASS = YES_ERROR;
				CLANG_WARN_QUOTED_INCLUDE_IN_FRAMEWORK_HEADER = YES;
				CLANG_WARN_RANGE_LOOP_ANALYSIS = YES;
				CLANG_WARN_STRICT_PROTOTYPES = YES;
				CLANG_WARN_SUSPICIOUS_MOVE = YES;
				CLANG_WARN_UNGUARDED_AVAILABILITY = YES_AGGRESSIVE;
				CLANG_WARN_UNREACHABLE_CODE = YES;
				CLANG_WARN__DUPLICATE_METHOD_MATCH = YES;
				COPY_PHASE_STRIP = NO;
				DEBUG_INFORMATION_FORMAT = "dwarf-with-dsym";
				ENABLE_NS_ASSERTIONS = NO;
				ENABLE_STRICT_OBJC_MSGSEND = YES;
				ENABLE_USER_SCRIPT_SANDBOXING = NO;
				GCC_C_LANGUAGE_STANDARD = gnu17;
				GCC_NO_COMMON_BLOCKS = YES;
				GCC_WARN_64_TO_32_BIT_CONVERSION = YES;
				GCC_WARN_ABOUT_RETURN_TYPE = YES_ERROR;
				GCC_WARN_UNDECLARED_SELECTOR = YES;
				GCC_WARN_UNINITIALIZED_AUTOS = YES_AGGRESSIVE;
				GCC_WARN_UNUSED_FUNCTION = YES;
				GCC_WARN_UNUSED_VARIABLE = YES;
				IPHONEOS_DEPLOYMENT_TARGET = 17.0;
				LOCALIZATION_PREFERS_STRING_CATALOGS = YES;
				MTL_ENABLE_DEBUG_INFO = NO;
				MTL_FAST_MATH = YES;
				SDKROOT = iphoneos;
				SWIFT_COMPILATION_MODE = wholemodule;
				VALIDATE_PRODUCT = YES;
			};
			name = Release;
		};
		298CC0F32B21BA0100F28F96 /* Debug */ = {
			isa = XCBuildConfiguration;
			baseConfigurationReference = 4A3FBD257062C729AE3E32C9 /* Pods-Reciplease.debug.xcconfig */;
			buildSettings = {
				ASSETCATALOG_COMPILER_APPICON_NAME = AppIcon;
				ASSETCATALOG_COMPILER_GLOBAL_ACCENT_COLOR_NAME = AccentColor;
				CODE_SIGN_STYLE = Automatic;
				CURRENT_PROJECT_VERSION = 1;
				GENERATE_INFOPLIST_FILE = YES;
				INFOPLIST_FILE = Reciplease/Info.plist;
				INFOPLIST_KEY_UIApplicationSupportsIndirectInputEvents = YES;
				INFOPLIST_KEY_UILaunchStoryboardName = LaunchScreen;
				INFOPLIST_KEY_UIMainStoryboardFile = Main;
				INFOPLIST_KEY_UISupportedInterfaceOrientations_iPad = "UIInterfaceOrientationPortrait UIInterfaceOrientationPortraitUpsideDown UIInterfaceOrientationLandscapeLeft UIInterfaceOrientationLandscapeRight";
				INFOPLIST_KEY_UISupportedInterfaceOrientations_iPhone = "UIInterfaceOrientationPortrait UIInterfaceOrientationLandscapeLeft UIInterfaceOrientationLandscapeRight";
				LD_RUNPATH_SEARCH_PATHS = (
					"$(inherited)",
					"@executable_path/Frameworks",
				);
				MARKETING_VERSION = 1.0;
				PRODUCT_BUNDLE_IDENTIFIER = Kyllian.Reciplease;
				PRODUCT_NAME = "$(TARGET_NAME)";
				SWIFT_EMIT_LOC_STRINGS = YES;
				SWIFT_VERSION = 5.0;
				TARGETED_DEVICE_FAMILY = "1,2";
			};
			name = Debug;
		};
		298CC0F42B21BA0100F28F96 /* Release */ = {
			isa = XCBuildConfiguration;
			baseConfigurationReference = FB10A47EECC26D7CABC503F7 /* Pods-Reciplease.release.xcconfig */;
			buildSettings = {
				ASSETCATALOG_COMPILER_APPICON_NAME = AppIcon;
				ASSETCATALOG_COMPILER_GLOBAL_ACCENT_COLOR_NAME = AccentColor;
				CODE_SIGN_STYLE = Automatic;
				CURRENT_PROJECT_VERSION = 1;
				GENERATE_INFOPLIST_FILE = YES;
				INFOPLIST_FILE = Reciplease/Info.plist;
				INFOPLIST_KEY_UIApplicationSupportsIndirectInputEvents = YES;
				INFOPLIST_KEY_UILaunchStoryboardName = LaunchScreen;
				INFOPLIST_KEY_UIMainStoryboardFile = Main;
				INFOPLIST_KEY_UISupportedInterfaceOrientations_iPad = "UIInterfaceOrientationPortrait UIInterfaceOrientationPortraitUpsideDown UIInterfaceOrientationLandscapeLeft UIInterfaceOrientationLandscapeRight";
				INFOPLIST_KEY_UISupportedInterfaceOrientations_iPhone = "UIInterfaceOrientationPortrait UIInterfaceOrientationLandscapeLeft UIInterfaceOrientationLandscapeRight";
				LD_RUNPATH_SEARCH_PATHS = (
					"$(inherited)",
					"@executable_path/Frameworks",
				);
				MARKETING_VERSION = 1.0;
				PRODUCT_BUNDLE_IDENTIFIER = Kyllian.Reciplease;
				PRODUCT_NAME = "$(TARGET_NAME)";
				SWIFT_EMIT_LOC_STRINGS = YES;
				SWIFT_VERSION = 5.0;
				TARGETED_DEVICE_FAMILY = "1,2";
			};
			name = Release;
		};
		29A078B22B3D8E1C005CFF54 /* Debug */ = {
			isa = XCBuildConfiguration;
			buildSettings = {
				BUNDLE_LOADER = "$(TEST_HOST)";
				CODE_SIGN_STYLE = Automatic;
				CURRENT_PROJECT_VERSION = 1;
				ENABLE_USER_SCRIPT_SANDBOXING = YES;
				GENERATE_INFOPLIST_FILE = YES;
				MARKETING_VERSION = 1.0;
				PRODUCT_BUNDLE_IDENTIFIER = Kyllian.RecipleaseTests;
				PRODUCT_NAME = "$(TARGET_NAME)";
				SWIFT_EMIT_LOC_STRINGS = NO;
				SWIFT_VERSION = 5.0;
				TARGETED_DEVICE_FAMILY = "1,2";
				TEST_HOST = "$(BUILT_PRODUCTS_DIR)/Reciplease.app/$(BUNDLE_EXECUTABLE_FOLDER_PATH)/Reciplease";
			};
			name = Debug;
		};
		29A078B32B3D8E1C005CFF54 /* Release */ = {
			isa = XCBuildConfiguration;
			buildSettings = {
				BUNDLE_LOADER = "$(TEST_HOST)";
				CODE_SIGN_STYLE = Automatic;
				CURRENT_PROJECT_VERSION = 1;
				ENABLE_USER_SCRIPT_SANDBOXING = YES;
				GENERATE_INFOPLIST_FILE = YES;
				MARKETING_VERSION = 1.0;
				PRODUCT_BUNDLE_IDENTIFIER = Kyllian.RecipleaseTests;
				PRODUCT_NAME = "$(TARGET_NAME)";
				SWIFT_EMIT_LOC_STRINGS = NO;
				SWIFT_VERSION = 5.0;
				TARGETED_DEVICE_FAMILY = "1,2";
				TEST_HOST = "$(BUILT_PRODUCTS_DIR)/Reciplease.app/$(BUNDLE_EXECUTABLE_FOLDER_PATH)/Reciplease";
			};
			name = Release;
		};
/* End XCBuildConfiguration section */

/* Begin XCConfigurationList section */
		298CC0D62B21BA0000F28F96 /* Build configuration list for PBXProject "Reciplease" */ = {
			isa = XCConfigurationList;
			buildConfigurations = (
				298CC0F02B21BA0100F28F96 /* Debug */,
				298CC0F12B21BA0100F28F96 /* Release */,
			);
			defaultConfigurationIsVisible = 0;
			defaultConfigurationName = Release;
		};
		298CC0F22B21BA0100F28F96 /* Build configuration list for PBXNativeTarget "Reciplease" */ = {
			isa = XCConfigurationList;
			buildConfigurations = (
				298CC0F32B21BA0100F28F96 /* Debug */,
				298CC0F42B21BA0100F28F96 /* Release */,
			);
			defaultConfigurationIsVisible = 0;
			defaultConfigurationName = Release;
		};
		29A078B12B3D8E1C005CFF54 /* Build configuration list for PBXNativeTarget "RecipleaseTests" */ = {
			isa = XCConfigurationList;
			buildConfigurations = (
				29A078B22B3D8E1C005CFF54 /* Debug */,
				29A078B32B3D8E1C005CFF54 /* Release */,
			);
			defaultConfigurationIsVisible = 0;
			defaultConfigurationName = Release;
		};
/* End XCConfigurationList section */

/* Begin XCVersionGroup section */
		298CC0E72B21BA0000F28F96 /* Reciplease.xcdatamodeld */ = {
			isa = XCVersionGroup;
			children = (
				298CC0E82B21BA0000F28F96 /* Reciplease.xcdatamodel */,
			);
			currentVersion = 298CC0E82B21BA0000F28F96 /* Reciplease.xcdatamodel */;
			path = Reciplease.xcdatamodeld;
			sourceTree = "<group>";
			versionGroupType = wrapper.xcdatamodel;
		};
/* End XCVersionGroup section */
	};
	rootObject = 298CC0D32B21BA0000F28F96 /* Project object */;
}
